
Microsoft Visual Studio Solution File, Format Version 12.00
# Visual Studio Version 16
VisualStudioVersion = 16.0.33214.272
MinimumVisualStudioVersion = 10.0.40219.1
Project("{F184B08F-C81C-45F6-A57F-5ABD9991F28F}") = "Assignment 6", "Assignment 6.vbproj", "{099D80E6-8ABA-454E-B320-CBDF10F2E25C}"
EndProject
Global
	GlobalSection(SolutionConfigurationPlatforms) = preSolution
		Debug|Any CPU = Debug|Any CPU
		Release|Any CPU = Release|Any CPU
	EndGlobalSection
	GlobalSection(ProjectConfigurationPlatforms) = postSolution
		{099D80E6-8ABA-454E-B320-CBDF10F2E25C}.Debug|Any CPU.ActiveCfg = Debug|Any CPU
		{099D80E6-8ABA-454E-B320-CBDF10F2E25C}.Debug|Any CPU.Build.0 = Debug|Any CPU
		{099D80E6-8ABA-454E-B320-CBDF10F2E25C}.Release|Any CPU.ActiveCfg = Release|Any CPU
		{099D80E6-8ABA-454E-B320-CBDF10F2E25C}.Release|Any CPU.Build.0 = Release|Any CPU
	EndGlobalSection
	GlobalSection(SolutionProperties) = preSolution
		HideSolutionNode = FALSE
	EndGlobalSection
	GlobalSection(ExtensibilityGlobals) = postSolution
		SolutionGuid = {BBB7660F-A270-4713-859F-6256E70795A8}
	EndGlobalSection
EndGlobal
